
Microsoft Visual Studio Solution File, Format Version 12.00
# Visual Studio Version 17
VisualStudioVersion = 17.5.002.0
MinimumVisualStudioVersion = 10.0.40219.1
Project("{9A19103F-16F7-4668-BE54-9A1E7A4F7556}") = "csharp-vacio", "csharp-vacio.csproj", "{9D37A79B-85ED-4DC4-B51C-B37EE8CF544A}"
EndProject
Global
	GlobalSection(SolutionConfigurationPlatforms) = preSolution
		Debug|Any CPU = Debug|Any CPU
		Release|Any CPU = Release|Any CPU
	EndGlobalSection
	GlobalSection(ProjectConfigurationPlatforms) = postSolution
		{9D37A79B-85ED-4DC4-B51C-B37EE8CF544A}.Debug|Any CPU.ActiveCfg = Debug|Any CPU
		{9D37A79B-85ED-4DC4-B51C-B37EE8CF544A}.Debug|Any CPU.Build.0 = Debug|Any CPU
		{9D37A79B-85ED-4DC4-B51C-B37EE8CF544A}.Release|Any CPU.ActiveCfg = Release|Any CPU
		{9D37A79B-85ED-4DC4-B51C-B37EE8CF544A}.Release|Any CPU.Build.0 = Release|Any CPU
	EndGlobalSection
	GlobalSection(SolutionProperties) = preSolution
		HideSolutionNode = FALSE
	EndGlobalSection
	GlobalSection(ExtensibilityGlobals) = postSolution
		SolutionGuid = {242D122E-0BAA-4669-8499-E7421A83EF39}
	EndGlobalSection
EndGlobal
